
Microsoft Visual Studio Solution File, Format Version 12.00
# Visual Studio Version 17
VisualStudioVersion = 17.14.36603.0
MinimumVisualStudioVersion = 10.0.40219.1
Project("{2150E333-8FDC-42A3-9474-1A3956D46DE8}") = "Task0", "Task0", "{02EA681E-C7D8-13C7-8484-4AC65E1B71E8}"
EndProject
Project("{FAE04EC0-301F-11D3-BF4B-00C04F79EFBC}") = "Tyuiu.SamolovovaOA.Sprint5.Task0.V24", "Tyuiu.SamolovovaOA.Sprint5.Task0.V24\Tyuiu.SamolovovaOA.Sprint5.Task0.V24.csproj", "{51945E70-5547-4296-A298-A99DA842CA7C}"
EndProject
Project("{FAE04EC0-301F-11D3-BF4B-00C04F79EFBC}") = "Tyuiu.SamolovovaOA.Sprint5.Task0.V24.Lib", "Tyuiu.SamolovovaOA.Sprint5.Task0.V24.Lib\Tyuiu.SamolovovaOA.Sprint5.Task0.V24.Lib.csproj", "{4E3F5BD6-6D0B-494B-9603-6F6C93DA4611}"
EndProject
Project("{FAE04EC0-301F-11D3-BF4B-00C04F79EFBC}") = "Tyuiu.SamolovovaOA.Sprint5.Task0.V24.Test", "Tyuiu.SamolovovaOA.Sprint5.Task0.V24.Test\Tyuiu.SamolovovaOA.Sprint5.Task0.V24.Test.csproj", "{2C219EF4-5231-4316-8772-7418B909787A}"
EndProject
Project("{2150E333-8FDC-42A3-9474-1A3956D46DE8}") = "Task1", "Task1", "{9A212A82-3FBB-4584-83F9-9CB952337B67}"
EndProject
Project("{FAE04EC0-301F-11D3-BF4B-00C04F79EFBC}") = "Tyuiu.SamolovovaOA.Sprint5.Task1.V30", "Tyuiu.SamolovovaOA.Sprint5.Task1.V30\Tyuiu.SamolovovaOA.Sprint5.Task1.V30.csproj", "{937F91BF-3A84-41A1-9181-43112EF0BC1B}"
EndProject
Project("{FAE04EC0-301F-11D3-BF4B-00C04F79EFBC}") = "Tyuiu.SamolovovaOA.Sprint5.Task1.V30.Lib", "Tyuiu.SamolovovaOA.Sprint5.Task1.V30.Lib\Tyuiu.SamolovovaOA.Sprint5.Task1.V30.Lib.csproj", "{4F2CB5E5-87B6-4FED-A5F5-FCA942F0FFCF}"
EndProject
Project("{FAE04EC0-301F-11D3-BF4B-00C04F79EFBC}") = "Tyuiu.SamolovovaOA.Sprint5.Task1.V30.Test", "Tyuiu.SamolovovaOA.Sprint5.Task1.V30.Test\Tyuiu.SamolovovaOA.Sprint5.Task1.V30.Test.csproj", "{4FBFAFF7-650B-4C91-B286-C25FCFB137FC}"
EndProject
Project("{2150E333-8FDC-42A3-9474-1A3956D46DE8}") = "Task2", "Task2", "{79BCCDED-ABA3-4940-8916-4C0584A2E279}"
EndProject
Project("{FAE04EC0-301F-11D3-BF4B-00C04F79EFBC}") = "Tyuiu.SamolovovaOA.Sprint5.Task2.V15", "Tyuiu.SamolovovaOA.Sprint5.Task2.V15\Tyuiu.SamolovovaOA.Sprint5.Task2.V15.csproj", "{599C6ECF-9CB0-410A-BA7D-43D2E4DAEF21}"
EndProject
Project("{FAE04EC0-301F-11D3-BF4B-00C04F79EFBC}") = "Tyuiu.SamolovovaOA.Sprint5.Task2.V15.Lib", "Tyuiu.SamolovovaOA.Sprint5.Task2.V15.Lib\Tyuiu.SamolovovaOA.Sprint5.Task2.V15.Lib.csproj", "{4FB6B0A8-0CE4-44DB-BD47-E3F40C6FBAA7}"
EndProject
Project("{FAE04EC0-301F-11D3-BF4B-00C04F79EFBC}") = "Tyuiu.SamolovovaOA.Sprint5.Task2.V15.Test", "Tyuiu.SamolovovaOA.Sprint5.Task2.V15.Test\Tyuiu.SamolovovaOA.Sprint5.Task2.V15.Test.csproj", "{1E26AA55-FC7D-406A-8DDF-F9758BBEF470}"
EndProject
Project("{2150E333-8FDC-42A3-9474-1A3956D46DE8}") = "Task3", "Task3", "{0F88EBD3-E792-44E5-AA30-B069583EC395}"
EndProject
Project("{FAE04EC0-301F-11D3-BF4B-00C04F79EFBC}") = "Tyuiu.SamolovovaOA.Sprint5.Task3.V27", "Tyuiu.SamolovovaOA.Sprint5.Task3.V27\Tyuiu.SamolovovaOA.Sprint5.Task3.V27.csproj", "{596C821D-7789-4C74-9AE2-A0B5EFA406A9}"
EndProject
Project("{FAE04EC0-301F-11D3-BF4B-00C04F79EFBC}") = "Tyuiu.SamolovovaOA.Sprint5.Task3.V27.Lib", "Tyuiu.SamolovovaOA.Sprint5.Task3.V27.Lib\Tyuiu.SamolovovaOA.Sprint5.Task3.V27.Lib.csproj", "{51C49144-EB12-4998-AD2A-2C5B854E5686}"
EndProject
Project("{FAE04EC0-301F-11D3-BF4B-00C04F79EFBC}") = "Tyuiu.SamolovovaOA.Sprint5.Task3.V27.Test", "Tyuiu.SamolovovaOA.Sprint5.Task3.V27.Test\Tyuiu.SamolovovaOA.Sprint5.Task3.V27.Test.csproj", "{96783B90-AEFE-4DD1-B873-D69579197B39}"
EndProject
Project("{2150E333-8FDC-42A3-9474-1A3956D46DE8}") = "Task4", "Task4", "{AE53A58F-CF93-4129-BD2F-BB2A3483875B}"
EndProject
Project("{FAE04EC0-301F-11D3-BF4B-00C04F79EFBC}") = "Tyuiu.SamolovovaOA.Sprint5.Task4.V10", "Tyuiu.SamolovovaOA.Sprint5.Task4.V10\Tyuiu.SamolovovaOA.Sprint5.Task4.V10.csproj", "{474557C2-BD6F-4AAC-9807-5759CF0808DB}"
EndProject
Project("{FAE04EC0-301F-11D3-BF4B-00C04F79EFBC}") = "Tyuiu.SamolovovaOA.Sprint5.Task4.V10.Lib", "Tyuiu.SamolovovaOA.Sprint5.Task4.V10.Lib\Tyuiu.SamolovovaOA.Sprint5.Task4.V10.Lib.csproj", "{B69AA3EB-C652-4943-853E-0859E270E9E6}"
EndProject
Project("{FAE04EC0-301F-11D3-BF4B-00C04F79EFBC}") = "Tyuiu.SamolovovaOA.Sprint5.Task4.V10.Test", "Tyuiu.SamolovovaOA.Sprint5.Task4.V10.Test\Tyuiu.SamolovovaOA.Sprint5.Task4.V10.Test.csproj", "{77124372-5244-4633-97F2-0009A9B21A89}"
EndProject
Project("{2150E333-8FDC-42A3-9474-1A3956D46DE8}") = "Task5", "Task5", "{DF18DFF2-08A2-462D-92FF-27C9EEAD02E0}"
EndProject
Project("{FAE04EC0-301F-11D3-BF4B-00C04F79EFBC}") = "Tyuiu.SamolovovaOA.Sprint5.Task5.V13", "Tyuiu.SamolovovaOA.Sprint5.Task5.V13\Tyuiu.SamolovovaOA.Sprint5.Task5.V13.csproj", "{7CE564B8-54F5-4516-9B86-DD0FAE5407C4}"
EndProject
Project("{FAE04EC0-301F-11D3-BF4B-00C04F79EFBC}") = "Tyuiu.SamolovovaOA.Sprint5.Task5.V13.Lib", "Tyuiu.SamolovovaOA.Sprint5.Task5.V13.Lib\Tyuiu.SamolovovaOA.Sprint5.Task5.V13.Lib.csproj", "{4AA1203A-5985-456C-8C50-D7A4E192B432}"
EndProject
Project("{FAE04EC0-301F-11D3-BF4B-00C04F79EFBC}") = "Tyuiu.SamolovovaOA.Sprint5.Task5.V13.Test", "Tyuiu.SamolovovaOA.Sprint5.Task5.V13.Test\Tyuiu.SamolovovaOA.Sprint5.Task5.V13.Test.csproj", "{6D515DDF-484D-49FD-AF83-43D6A04C2B13}"
EndProject
Global
	GlobalSection(SolutionConfigurationPlatforms) = preSolution
		Debug|Any CPU = Debug|Any CPU
		Release|Any CPU = Release|Any CPU
	EndGlobalSection
	GlobalSection(ProjectConfigurationPlatforms) = postSolution
		{51945E70-5547-4296-A298-A99DA842CA7C}.Debug|Any CPU.ActiveCfg = Debug|Any CPU
		{51945E70-5547-4296-A298-A99DA842CA7C}.Debug|Any CPU.Build.0 = Debug|Any CPU
		{51945E70-5547-4296-A298-A99DA842CA7C}.Release|Any CPU.ActiveCfg = Release|Any CPU
		{51945E70-5547-4296-A298-A99DA842CA7C}.Release|Any CPU.Build.0 = Release|Any CPU
		{4E3F5BD6-6D0B-494B-9603-6F6C93DA4611}.Debug|Any CPU.ActiveCfg = Debug|Any CPU
		{4E3F5BD6-6D0B-494B-9603-6F6C93DA4611}.Debug|Any CPU.Build.0 = Debug|Any CPU
		{4E3F5BD6-6D0B-494B-9603-6F6C93DA4611}.Release|Any CPU.ActiveCfg = Release|Any CPU
		{4E3F5BD6-6D0B-494B-9603-6F6C93DA4611}.Release|Any CPU.Build.0 = Release|Any CPU
		{2C219EF4-5231-4316-8772-7418B909787A}.Debug|Any CPU.ActiveCfg = Debug|Any CPU
		{2C219EF4-5231-4316-8772-7418B909787A}.Debug|Any CPU.Build.0 = Debug|Any CPU
		{2C219EF4-5231-4316-8772-7418B909787A}.Release|Any CPU.ActiveCfg = Release|Any CPU
		{2C219EF4-5231-4316-8772-7418B909787A}.Release|Any CPU.Build.0 = Release|Any CPU
		{937F91BF-3A84-41A1-9181-43112EF0BC1B}.Debug|Any CPU.ActiveCfg = Debug|Any CPU
		{937F91BF-3A84-41A1-9181-43112EF0BC1B}.Debug|Any CPU.Build.0 = Debug|Any CPU
		{937F91BF-3A84-41A1-9181-43112EF0BC1B}.Release|Any CPU.ActiveCfg = Release|Any CPU
		{937F91BF-3A84-41A1-9181-43112EF0BC1B}.Release|Any CPU.Build.0 = Release|Any CPU
		{4F2CB5E5-87B6-4FED-A5F5-FCA942F0FFCF}.Debug|Any CPU.ActiveCfg = Debug|Any CPU
		{4F2CB5E5-87B6-4FED-A5F5-FCA942F0FFCF}.Debug|Any CPU.Build.0 = Debug|Any CPU
		{4F2CB5E5-87B6-4FED-A5F5-FCA942F0FFCF}.Release|Any CPU.ActiveCfg = Release|Any CPU
		{4F2CB5E5-87B6-4FED-A5F5-FCA942F0FFCF}.Release|Any CPU.Build.0 = Release|Any CPU
		{4FBFAFF7-650B-4C91-B286-C25FCFB137FC}.Debug|Any CPU.ActiveCfg = Debug|Any CPU
		{4FBFAFF7-650B-4C91-B286-C25FCFB137FC}.Debug|Any CPU.Build.0 = Debug|Any CPU
		{4FBFAFF7-650B-4C91-B286-C25FCFB137FC}.Release|Any CPU.ActiveCfg = Release|Any CPU
		{4FBFAFF7-650B-4C91-B286-C25FCFB137FC}.Release|Any CPU.Build.0 = Release|Any CPU
		{599C6ECF-9CB0-410A-BA7D-43D2E4DAEF21}.Debug|Any CPU.ActiveCfg = Debug|Any CPU
		{599C6ECF-9CB0-410A-BA7D-43D2E4DAEF21}.Debug|Any CPU.Build.0 = Debug|Any CPU
		{599C6ECF-9CB0-410A-BA7D-43D2E4DAEF21}.Release|Any CPU.ActiveCfg = Release|Any CPU
		{599C6ECF-9CB0-410A-BA7D-43D2E4DAEF21}.Release|Any CPU.Build.0 = Release|Any CPU
		{4FB6B0A8-0CE4-44DB-BD47-E3F40C6FBAA7}.Debug|Any CPU.ActiveCfg = Debug|Any CPU
		{4FB6B0A8-0CE4-44DB-BD47-E3F40C6FBAA7}.Debug|Any CPU.Build.0 = Debug|Any CPU
		{4FB6B0A8-0CE4-44DB-BD47-E3F40C6FBAA7}.Release|Any CPU.ActiveCfg = Release|Any CPU
		{4FB6B0A8-0CE4-44DB-BD47-E3F40C6FBAA7}.Release|Any CPU.Build.0 = Release|Any CPU
		{1E26AA55-FC7D-406A-8DDF-F9758BBEF470}.Debug|Any CPU.ActiveCfg = Debug|Any CPU
		{1E26AA55-FC7D-406A-8DDF-F9758BBEF470}.Debug|Any CPU.Build.0 = Debug|Any CPU
		{1E26AA55-FC7D-406A-8DDF-F9758BBEF470}.Release|Any CPU.ActiveCfg = Release|Any CPU
		{1E26AA55-FC7D-406A-8DDF-F9758BBEF470}.Release|Any CPU.Build.0 = Release|Any CPU
		{596C821D-7789-4C74-9AE2-A0B5EFA406A9}.Debug|Any CPU.ActiveCfg = Debug|Any CPU
		{596C821D-7789-4C74-9AE2-A0B5EFA406A9}.Debug|Any CPU.Build.0 = Debug|Any CPU
		{596C821D-7789-4C74-9AE2-A0B5EFA406A9}.Release|Any CPU.ActiveCfg = Release|Any CPU
		{596C821D-7789-4C74-9AE2-A0B5EFA406A9}.Release|Any CPU.Build.0 = Release|Any CPU
		{51C49144-EB12-4998-AD2A-2C5B854E5686}.Debug|Any CPU.ActiveCfg = Debug|Any CPU
		{51C49144-EB12-4998-AD2A-2C5B854E5686}.Debug|Any CPU.Build.0 = Debug|Any CPU
		{51C49144-EB12-4998-AD2A-2C5B854E5686}.Release|Any CPU.ActiveCfg = Release|Any CPU
		{51C49144-EB12-4998-AD2A-2C5B854E5686}.Release|Any CPU.Build.0 = Release|Any CPU
		{96783B90-AEFE-4DD1-B873-D69579197B39}.Debug|Any CPU.ActiveCfg = Debug|Any CPU
		{96783B90-AEFE-4DD1-B873-D69579197B39}.Debug|Any CPU.Build.0 = Debug|Any CPU
		{96783B90-AEFE-4DD1-B873-D69579197B39}.Release|Any CPU.ActiveCfg = Release|Any CPU
		{96783B90-AEFE-4DD1-B873-D69579197B39}.Release|Any CPU.Build.0 = Release|Any CPU
		{474557C2-BD6F-4AAC-9807-5759CF0808DB}.Debug|Any CPU.ActiveCfg = Debug|Any CPU
		{474557C2-BD6F-4AAC-9807-5759CF0808DB}.Debug|Any CPU.Build.0 = Debug|Any CPU
		{474557C2-BD6F-4AAC-9807-5759CF0808DB}.Release|Any CPU.ActiveCfg = Release|Any CPU
		{474557C2-BD6F-4AAC-9807-5759CF0808DB}.Release|Any CPU.Build.0 = Release|Any CPU
		{B69AA3EB-C652-4943-853E-0859E270E9E6}.Debug|Any CPU.ActiveCfg = Debug|Any CPU
		{B69AA3EB-C652-4943-853E-0859E270E9E6}.Debug|Any CPU.Build.0 = Debug|Any CPU
		{B69AA3EB-C652-4943-853E-0859E270E9E6}.Release|Any CPU.ActiveCfg = Release|Any CPU
		{B69AA3EB-C652-4943-853E-0859E270E9E6}.Release|Any CPU.Build.0 = Release|Any CPU
		{77124372-5244-4633-97F2-0009A9B21A89}.Debug|Any CPU.ActiveCfg = Debug|Any CPU
		{77124372-5244-4633-97F2-0009A9B21A89}.Debug|Any CPU.Build.0 = Debug|Any CPU
		{77124372-5244-4633-97F2-0009A9B21A89}.Release|Any CPU.ActiveCfg = Release|Any CPU
		{77124372-5244-4633-97F2-0009A9B21A89}.Release|Any CPU.Build.0 = Release|Any CPU
		{7CE564B8-54F5-4516-9B86-DD0FAE5407C4}.Debug|Any CPU.ActiveCfg = Debug|Any CPU
		{7CE564B8-54F5-4516-9B86-DD0FAE5407C4}.Debug|Any CPU.Build.0 = Debug|Any CPU
		{7CE564B8-54F5-4516-9B86-DD0FAE5407C4}.Release|Any CPU.ActiveCfg = Release|Any CPU
		{7CE564B8-54F5-4516-9B86-DD0FAE5407C4}.Release|Any CPU.Build.0 = Release|Any CPU
		{4AA1203A-5985-456C-8C50-D7A4E192B432}.Debug|Any CPU.ActiveCfg = Debug|Any CPU
		{4AA1203A-5985-456C-8C50-D7A4E192B432}.Debug|Any CPU.Build.0 = Debug|Any CPU
		{4AA1203A-5985-456C-8C50-D7A4E192B432}.Release|Any CPU.ActiveCfg = Release|Any CPU
		{4AA1203A-5985-456C-8C50-D7A4E192B432}.Release|Any CPU.Build.0 = Release|Any CPU
		{6D515DDF-484D-49FD-AF83-43D6A04C2B13}.Debug|Any CPU.ActiveCfg = Debug|Any CPU
		{6D515DDF-484D-49FD-AF83-43D6A04C2B13}.Debug|Any CPU.Build.0 = Debug|Any CPU
		{6D515DDF-484D-49FD-AF83-43D6A04C2B13}.Release|Any CPU.ActiveCfg = Release|Any CPU
		{6D515DDF-484D-49FD-AF83-43D6A04C2B13}.Release|Any CPU.Build.0 = Release|Any CPU
	EndGlobalSection
	GlobalSection(SolutionProperties) = preSolution
		HideSolutionNode = FALSE
	EndGlobalSection
	GlobalSection(NestedProjects) = preSolution
		{51945E70-5547-4296-A298-A99DA842CA7C} = {02EA681E-C7D8-13C7-8484-4AC65E1B71E8}
		{4E3F5BD6-6D0B-494B-9603-6F6C93DA4611} = {02EA681E-C7D8-13C7-8484-4AC65E1B71E8}
		{2C219EF4-5231-4316-8772-7418B909787A} = {02EA681E-C7D8-13C7-8484-4AC65E1B71E8}
		{937F91BF-3A84-41A1-9181-43112EF0BC1B} = {9A212A82-3FBB-4584-83F9-9CB952337B67}
		{4F2CB5E5-87B6-4FED-A5F5-FCA942F0FFCF} = {9A212A82-3FBB-4584-83F9-9CB952337B67}
		{4FBFAFF7-650B-4C91-B286-C25FCFB137FC} = {9A212A82-3FBB-4584-83F9-9CB952337B67}
		{599C6ECF-9CB0-410A-BA7D-43D2E4DAEF21} = {79BCCDED-ABA3-4940-8916-4C0584A2E279}
		{4FB6B0A8-0CE4-44DB-BD47-E3F40C6FBAA7} = {79BCCDED-ABA3-4940-8916-4C0584A2E279}
		{1E26AA55-FC7D-406A-8DDF-F9758BBEF470} = {79BCCDED-ABA3-4940-8916-4C0584A2E279}
		{596C821D-7789-4C74-9AE2-A0B5EFA406A9} = {0F88EBD3-E792-44E5-AA30-B069583EC395}
		{51C49144-EB12-4998-AD2A-2C5B854E5686} = {0F88EBD3-E792-44E5-AA30-B069583EC395}
		{96783B90-AEFE-4DD1-B873-D69579197B39} = {0F88EBD3-E792-44E5-AA30-B069583EC395}
		{474557C2-BD6F-4AAC-9807-5759CF0808DB} = {AE53A58F-CF93-4129-BD2F-BB2A3483875B}
		{B69AA3EB-C652-4943-853E-0859E270E9E6} = {AE53A58F-CF93-4129-BD2F-BB2A3483875B}
		{77124372-5244-4633-97F2-0009A9B21A89} = {AE53A58F-CF93-4129-BD2F-BB2A3483875B}
		{7CE564B8-54F5-4516-9B86-DD0FAE5407C4} = {DF18DFF2-08A2-462D-92FF-27C9EEAD02E0}
		{4AA1203A-5985-456C-8C50-D7A4E192B432} = {DF18DFF2-08A2-462D-92FF-27C9EEAD02E0}
		{6D515DDF-484D-49FD-AF83-43D6A04C2B13} = {DF18DFF2-08A2-462D-92FF-27C9EEAD02E0}
	EndGlobalSection
	GlobalSection(ExtensibilityGlobals) = postSolution
		SolutionGuid = {495E8176-5F82-45E6-8FB7-8BD97D77A422}
	EndGlobalSection
EndGlobal
